
Microsoft Visual Studio Solution File, Format Version 12.00
# Visual Studio Version 17
VisualStudioVersion = 17.9.34902.65
MinimumVisualStudioVersion = 10.0.40219.1
Project("{FAE04EC0-301F-11D3-BF4B-00C04F79EFBC}") = "secondHandBooks", "secondHandBooks.csproj", "{9854A75F-0086-458A-9C17-7CF40BD3FD16}"
EndProject
Global
	GlobalSection(SolutionConfigurationPlatforms) = preSolution
		Debug|Any CPU = Debug|Any CPU
		Release|Any CPU = Release|Any CPU
	EndGlobalSection
	GlobalSection(ProjectConfigurationPlatforms) = postSolution
		{9854A75F-0086-458A-9C17-7CF40BD3FD16}.Debug|Any CPU.ActiveCfg = Debug|Any CPU
		{9854A75F-0086-458A-9C17-7CF40BD3FD16}.Debug|Any CPU.Build.0 = Debug|Any CPU
		{9854A75F-0086-458A-9C17-7CF40BD3FD16}.Release|Any CPU.ActiveCfg = Release|Any CPU
		{9854A75F-0086-458A-9C17-7CF40BD3FD16}.Release|Any CPU.Build.0 = Release|Any CPU
	EndGlobalSection
	GlobalSection(SolutionProperties) = preSolution
		HideSolutionNode = FALSE
	EndGlobalSection
	GlobalSection(ExtensibilityGlobals) = postSolution
		SolutionGuid = {B63E168A-4CA3-49D1-9104-B638C7DB76F7}
	EndGlobalSection
EndGlobal
